
Microsoft Visual Studio Solution File, Format Version 12.00
# Visual Studio 15
Project("{2150E333-8FDC-42A3-9474-1A3956D46DE8}") = "Sample", "Sample", "{478218E3-FFA9-496B-B670-DB647348BD22}"
EndProject
Project("{2150E333-8FDC-42A3-9474-1A3956D46DE8}") = "BandyerSDK", "BandyerSDK", "{1CA51B75-0178-4BCC-99A8-6F682486D7AD}"
EndProject
Project("{FAE04EC0-301F-11D3-BF4B-00C04F79EFBC}") = "BandyerDemo", "Sample\BandyerDemo\BandyerDemo.csproj", "{A3A6F8D5-5415-47F6-AC97-A43A57D58C07}"
EndProject
Project("{2150E333-8FDC-42A3-9474-1A3956D46DE8}") = "Android", "Android", "{4F152E7D-4101-4CF1-8B6D-49EA83083BEF}"
EndProject
Project("{2150E333-8FDC-42A3-9474-1A3956D46DE8}") = "iOS", "iOS", "{116DCDDE-3127-4978-87B6-7A4B153B21B4}"
EndProject
Project("{FAE04EC0-301F-11D3-BF4B-00C04F79EFBC}") = "Bandyer.SDK.Android", "BandyerSDK\Android\Bandyer.SDK.Android\Bandyer.SDK.Android.csproj", "{FD685247-E1AB-4CB6-AE68-52DBF5025DD8}"
EndProject
Project("{FAE04EC0-301F-11D3-BF4B-00C04F79EFBC}") = "Bandyer.AudioSession.Android", "BandyerSDK\Android\Bandyer.AudioSession.Android\Bandyer.AudioSession.Android.csproj", "{EB926D6C-DD92-4EBF-BBDC-99C64114E825}"
EndProject
Project("{FAE04EC0-301F-11D3-BF4B-00C04F79EFBC}") = "Bandyer.Chat.Android", "BandyerSDK\Android\Bandyer.Chat.Android\Bandyer.Chat.Android.csproj", "{E8F4F724-09AA-4683-8740-D242215EFBF8}"
EndProject
Project("{FAE04EC0-301F-11D3-BF4B-00C04F79EFBC}") = "Bandyer.Common.Android", "BandyerSDK\Android\Bandyer.Common.Android\Bandyer.Common.Android.csproj", "{5904DC1A-3B98-455F-A49A-D4E6FBD24F4C}"
EndProject
Project("{FAE04EC0-301F-11D3-BF4B-00C04F79EFBC}") = "Bandyer.CommunicationCenter.Android", "BandyerSDK\Android\Bandyer.CommunicationCenter.Android\Bandyer.CommunicationCenter.Android.csproj", "{5B1C48DF-2460-42CC-92CF-B2FEDCD53462}"
EndProject
Project("{FAE04EC0-301F-11D3-BF4B-00C04F79EFBC}") = "Bandyer.CoreAV.Android", "BandyerSDK\Android\Bandyer.CoreAV.Android\Bandyer.CoreAV.Android.csproj", "{BC59CE10-301E-4A14-AC86-E2275BC9C5DE}"
EndProject
Project("{FAE04EC0-301F-11D3-BF4B-00C04F79EFBC}") = "Bandyer.Design.Android", "BandyerSDK\Android\Bandyer.Design.Android\Bandyer.Design.Android.csproj", "{41B9F262-1C9E-4968-8502-B8CD39C11B54}"
EndProject
Project("{FAE04EC0-301F-11D3-BF4B-00C04F79EFBC}") = "Bandyer.SDK.iOS", "BandyerSDK\iOS\Bandyer.SDK.iOS\Bandyer.SDK.iOS.csproj", "{D0448F8C-C62A-4103-B166-45C364ACD42E}"
EndProject
Project("{FAE04EC0-301F-11D3-BF4B-00C04F79EFBC}") = "BandyerDemo.Android", "Sample\BandyerDemo.Android\BandyerDemo.Android.csproj", "{41287BBD-EA6C-41EE-92A1-B7679ADF321C}"
EndProject
Project("{FAE04EC0-301F-11D3-BF4B-00C04F79EFBC}") = "BandyerDemo.iOS", "Sample\BandyerDemo.iOS\BandyerDemo.iOS.csproj", "{1CE16016-8AEF-426F-B162-D0E083593906}"
EndProject
Global
	GlobalSection(SolutionConfigurationPlatforms) = preSolution
		Debug|Any CPU = Debug|Any CPU
		Release|Any CPU = Release|Any CPU
		Debug|iPhoneSimulator = Debug|iPhoneSimulator
		Release|iPhoneSimulator = Release|iPhoneSimulator
		Debug|iPhone = Debug|iPhone
		Release|iPhone = Release|iPhone
	EndGlobalSection
	GlobalSection(ProjectConfigurationPlatforms) = postSolution
		{A3A6F8D5-5415-47F6-AC97-A43A57D58C07}.Debug|Any CPU.ActiveCfg = Debug|Any CPU
		{A3A6F8D5-5415-47F6-AC97-A43A57D58C07}.Debug|Any CPU.Build.0 = Debug|Any CPU
		{A3A6F8D5-5415-47F6-AC97-A43A57D58C07}.Release|Any CPU.ActiveCfg = Release|Any CPU
		{A3A6F8D5-5415-47F6-AC97-A43A57D58C07}.Release|Any CPU.Build.0 = Release|Any CPU
		{A3A6F8D5-5415-47F6-AC97-A43A57D58C07}.Debug|iPhoneSimulator.ActiveCfg = Debug|Any CPU
		{A3A6F8D5-5415-47F6-AC97-A43A57D58C07}.Debug|iPhoneSimulator.Build.0 = Debug|Any CPU
		{A3A6F8D5-5415-47F6-AC97-A43A57D58C07}.Release|iPhoneSimulator.ActiveCfg = Release|Any CPU
		{A3A6F8D5-5415-47F6-AC97-A43A57D58C07}.Release|iPhoneSimulator.Build.0 = Release|Any CPU
		{A3A6F8D5-5415-47F6-AC97-A43A57D58C07}.Debug|iPhone.ActiveCfg = Debug|Any CPU
		{A3A6F8D5-5415-47F6-AC97-A43A57D58C07}.Debug|iPhone.Build.0 = Debug|Any CPU
		{A3A6F8D5-5415-47F6-AC97-A43A57D58C07}.Release|iPhone.ActiveCfg = Release|Any CPU
		{A3A6F8D5-5415-47F6-AC97-A43A57D58C07}.Release|iPhone.Build.0 = Release|Any CPU
		{FD685247-E1AB-4CB6-AE68-52DBF5025DD8}.Debug|Any CPU.ActiveCfg = Debug|Any CPU
		{FD685247-E1AB-4CB6-AE68-52DBF5025DD8}.Release|Any CPU.ActiveCfg = Release|Any CPU
		{FD685247-E1AB-4CB6-AE68-52DBF5025DD8}.Release|Any CPU.Build.0 = Release|Any CPU
		{FD685247-E1AB-4CB6-AE68-52DBF5025DD8}.Debug|iPhoneSimulator.ActiveCfg = Debug|Any CPU
		{FD685247-E1AB-4CB6-AE68-52DBF5025DD8}.Debug|iPhoneSimulator.Build.0 = Debug|Any CPU
		{FD685247-E1AB-4CB6-AE68-52DBF5025DD8}.Release|iPhoneSimulator.ActiveCfg = Release|Any CPU
		{FD685247-E1AB-4CB6-AE68-52DBF5025DD8}.Release|iPhoneSimulator.Build.0 = Release|Any CPU
		{FD685247-E1AB-4CB6-AE68-52DBF5025DD8}.Debug|iPhone.ActiveCfg = Debug|Any CPU
		{FD685247-E1AB-4CB6-AE68-52DBF5025DD8}.Debug|iPhone.Build.0 = Debug|Any CPU
		{FD685247-E1AB-4CB6-AE68-52DBF5025DD8}.Release|iPhone.ActiveCfg = Release|Any CPU
		{FD685247-E1AB-4CB6-AE68-52DBF5025DD8}.Release|iPhone.Build.0 = Release|Any CPU
		{FD685247-E1AB-4CB6-AE68-52DBF5025DD8}.Debug|Any CPU.Build.0 = Debug|Any CPU
		{EB926D6C-DD92-4EBF-BBDC-99C64114E825}.Debug|Any CPU.ActiveCfg = Debug|Any CPU
		{EB926D6C-DD92-4EBF-BBDC-99C64114E825}.Release|Any CPU.ActiveCfg = Release|Any CPU
		{EB926D6C-DD92-4EBF-BBDC-99C64114E825}.Release|Any CPU.Build.0 = Release|Any CPU
		{EB926D6C-DD92-4EBF-BBDC-99C64114E825}.Debug|iPhoneSimulator.ActiveCfg = Debug|Any CPU
		{EB926D6C-DD92-4EBF-BBDC-99C64114E825}.Debug|iPhoneSimulator.Build.0 = Debug|Any CPU
		{EB926D6C-DD92-4EBF-BBDC-99C64114E825}.Release|iPhoneSimulator.ActiveCfg = Release|Any CPU
		{EB926D6C-DD92-4EBF-BBDC-99C64114E825}.Release|iPhoneSimulator.Build.0 = Release|Any CPU
		{EB926D6C-DD92-4EBF-BBDC-99C64114E825}.Debug|iPhone.ActiveCfg = Debug|Any CPU
		{EB926D6C-DD92-4EBF-BBDC-99C64114E825}.Debug|iPhone.Build.0 = Debug|Any CPU
		{EB926D6C-DD92-4EBF-BBDC-99C64114E825}.Release|iPhone.ActiveCfg = Release|Any CPU
		{EB926D6C-DD92-4EBF-BBDC-99C64114E825}.Release|iPhone.Build.0 = Release|Any CPU
		{EB926D6C-DD92-4EBF-BBDC-99C64114E825}.Debug|Any CPU.Build.0 = Debug|Any CPU
		{E8F4F724-09AA-4683-8740-D242215EFBF8}.Debug|Any CPU.ActiveCfg = Debug|Any CPU
		{E8F4F724-09AA-4683-8740-D242215EFBF8}.Release|Any CPU.ActiveCfg = Release|Any CPU
		{E8F4F724-09AA-4683-8740-D242215EFBF8}.Release|Any CPU.Build.0 = Release|Any CPU
		{E8F4F724-09AA-4683-8740-D242215EFBF8}.Debug|iPhoneSimulator.ActiveCfg = Debug|Any CPU
		{E8F4F724-09AA-4683-8740-D242215EFBF8}.Debug|iPhoneSimulator.Build.0 = Debug|Any CPU
		{E8F4F724-09AA-4683-8740-D242215EFBF8}.Release|iPhoneSimulator.ActiveCfg = Release|Any CPU
		{E8F4F724-09AA-4683-8740-D242215EFBF8}.Release|iPhoneSimulator.Build.0 = Release|Any CPU
		{E8F4F724-09AA-4683-8740-D242215EFBF8}.Debug|iPhone.ActiveCfg = Debug|Any CPU
		{E8F4F724-09AA-4683-8740-D242215EFBF8}.Debug|iPhone.Build.0 = Debug|Any CPU
		{E8F4F724-09AA-4683-8740-D242215EFBF8}.Release|iPhone.ActiveCfg = Release|Any CPU
		{E8F4F724-09AA-4683-8740-D242215EFBF8}.Release|iPhone.Build.0 = Release|Any CPU
		{E8F4F724-09AA-4683-8740-D242215EFBF8}.Debug|Any CPU.Build.0 = Debug|Any CPU
		{5904DC1A-3B98-455F-A49A-D4E6FBD24F4C}.Debug|Any CPU.ActiveCfg = Debug|Any CPU
		{5904DC1A-3B98-455F-A49A-D4E6FBD24F4C}.Release|Any CPU.ActiveCfg = Release|Any CPU
		{5904DC1A-3B98-455F-A49A-D4E6FBD24F4C}.Release|Any CPU.Build.0 = Release|Any CPU
		{5904DC1A-3B98-455F-A49A-D4E6FBD24F4C}.Debug|iPhoneSimulator.ActiveCfg = Debug|Any CPU
		{5904DC1A-3B98-455F-A49A-D4E6FBD24F4C}.Debug|iPhoneSimulator.Build.0 = Debug|Any CPU
		{5904DC1A-3B98-455F-A49A-D4E6FBD24F4C}.Release|iPhoneSimulator.ActiveCfg = Release|Any CPU
		{5904DC1A-3B98-455F-A49A-D4E6FBD24F4C}.Release|iPhoneSimulator.Build.0 = Release|Any CPU
		{5904DC1A-3B98-455F-A49A-D4E6FBD24F4C}.Debug|iPhone.ActiveCfg = Debug|Any CPU
		{5904DC1A-3B98-455F-A49A-D4E6FBD24F4C}.Debug|iPhone.Build.0 = Debug|Any CPU
		{5904DC1A-3B98-455F-A49A-D4E6FBD24F4C}.Release|iPhone.ActiveCfg = Release|Any CPU
		{5904DC1A-3B98-455F-A49A-D4E6FBD24F4C}.Release|iPhone.Build.0 = Release|Any CPU
		{5904DC1A-3B98-455F-A49A-D4E6FBD24F4C}.Debug|Any CPU.Build.0 = Debug|Any CPU
		{5B1C48DF-2460-42CC-92CF-B2FEDCD53462}.Debug|Any CPU.ActiveCfg = Debug|Any CPU
		{5B1C48DF-2460-42CC-92CF-B2FEDCD53462}.Release|Any CPU.ActiveCfg = Release|Any CPU
		{5B1C48DF-2460-42CC-92CF-B2FEDCD53462}.Release|Any CPU.Build.0 = Release|Any CPU
		{5B1C48DF-2460-42CC-92CF-B2FEDCD53462}.Debug|iPhoneSimulator.ActiveCfg = Debug|Any CPU
		{5B1C48DF-2460-42CC-92CF-B2FEDCD53462}.Debug|iPhoneSimulator.Build.0 = Debug|Any CPU
		{5B1C48DF-2460-42CC-92CF-B2FEDCD53462}.Release|iPhoneSimulator.ActiveCfg = Release|Any CPU
		{5B1C48DF-2460-42CC-92CF-B2FEDCD53462}.Release|iPhoneSimulator.Build.0 = Release|Any CPU
		{5B1C48DF-2460-42CC-92CF-B2FEDCD53462}.Debug|iPhone.ActiveCfg = Debug|Any CPU
		{5B1C48DF-2460-42CC-92CF-B2FEDCD53462}.Debug|iPhone.Build.0 = Debug|Any CPU
		{5B1C48DF-2460-42CC-92CF-B2FEDCD53462}.Release|iPhone.ActiveCfg = Release|Any CPU
		{5B1C48DF-2460-42CC-92CF-B2FEDCD53462}.Release|iPhone.Build.0 = Release|Any CPU
		{5B1C48DF-2460-42CC-92CF-B2FEDCD53462}.Debug|Any CPU.Build.0 = Debug|Any CPU
		{BC59CE10-301E-4A14-AC86-E2275BC9C5DE}.Debug|Any CPU.ActiveCfg = Debug|Any CPU
		{BC59CE10-301E-4A14-AC86-E2275BC9C5DE}.Release|Any CPU.ActiveCfg = Release|Any CPU
		{BC59CE10-301E-4A14-AC86-E2275BC9C5DE}.Release|Any CPU.Build.0 = Release|Any CPU
		{BC59CE10-301E-4A14-AC86-E2275BC9C5DE}.Debug|iPhoneSimulator.ActiveCfg = Debug|Any CPU
		{BC59CE10-301E-4A14-AC86-E2275BC9C5DE}.Debug|iPhoneSimulator.Build.0 = Debug|Any CPU
		{BC59CE10-301E-4A14-AC86-E2275BC9C5DE}.Release|iPhoneSimulator.ActiveCfg = Release|Any CPU
		{BC59CE10-301E-4A14-AC86-E2275BC9C5DE}.Release|iPhoneSimulator.Build.0 = Release|Any CPU
		{BC59CE10-301E-4A14-AC86-E2275BC9C5DE}.Debug|iPhone.ActiveCfg = Debug|Any CPU
		{BC59CE10-301E-4A14-AC86-E2275BC9C5DE}.Debug|iPhone.Build.0 = Debug|Any CPU
		{BC59CE10-301E-4A14-AC86-E2275BC9C5DE}.Release|iPhone.ActiveCfg = Release|Any CPU
		{BC59CE10-301E-4A14-AC86-E2275BC9C5DE}.Release|iPhone.Build.0 = Release|Any CPU
		{BC59CE10-301E-4A14-AC86-E2275BC9C5DE}.Debug|Any CPU.Build.0 = Debug|Any CPU
		{41B9F262-1C9E-4968-8502-B8CD39C11B54}.Debug|Any CPU.ActiveCfg = Debug|Any CPU
		{41B9F262-1C9E-4968-8502-B8CD39C11B54}.Release|Any CPU.ActiveCfg = Release|Any CPU
		{41B9F262-1C9E-4968-8502-B8CD39C11B54}.Release|Any CPU.Build.0 = Release|Any CPU
		{41B9F262-1C9E-4968-8502-B8CD39C11B54}.Debug|iPhoneSimulator.ActiveCfg = Debug|Any CPU
		{41B9F262-1C9E-4968-8502-B8CD39C11B54}.Debug|iPhoneSimulator.Build.0 = Debug|Any CPU
		{41B9F262-1C9E-4968-8502-B8CD39C11B54}.Release|iPhoneSimulator.ActiveCfg = Release|Any CPU
		{41B9F262-1C9E-4968-8502-B8CD39C11B54}.Release|iPhoneSimulator.Build.0 = Release|Any CPU
		{41B9F262-1C9E-4968-8502-B8CD39C11B54}.Debug|iPhone.ActiveCfg = Debug|Any CPU
		{41B9F262-1C9E-4968-8502-B8CD39C11B54}.Debug|iPhone.Build.0 = Debug|Any CPU
		{41B9F262-1C9E-4968-8502-B8CD39C11B54}.Release|iPhone.ActiveCfg = Release|Any CPU
		{41B9F262-1C9E-4968-8502-B8CD39C11B54}.Release|iPhone.Build.0 = Release|Any CPU
		{41B9F262-1C9E-4968-8502-B8CD39C11B54}.Debug|Any CPU.Build.0 = Debug|Any CPU
		{D0448F8C-C62A-4103-B166-45C364ACD42E}.Debug|Any CPU.ActiveCfg = Debug|Any CPU
		{D0448F8C-C62A-4103-B166-45C364ACD42E}.Debug|Any CPU.Build.0 = Debug|Any CPU
		{D0448F8C-C62A-4103-B166-45C364ACD42E}.Release|Any CPU.ActiveCfg = Release|Any CPU
		{D0448F8C-C62A-4103-B166-45C364ACD42E}.Release|Any CPU.Build.0 = Release|Any CPU
		{D0448F8C-C62A-4103-B166-45C364ACD42E}.Debug|iPhoneSimulator.ActiveCfg = Debug|Any CPU
		{D0448F8C-C62A-4103-B166-45C364ACD42E}.Debug|iPhoneSimulator.Build.0 = Debug|Any CPU
		{D0448F8C-C62A-4103-B166-45C364ACD42E}.Release|iPhoneSimulator.ActiveCfg = Release|Any CPU
		{D0448F8C-C62A-4103-B166-45C364ACD42E}.Release|iPhoneSimulator.Build.0 = Release|Any CPU
		{D0448F8C-C62A-4103-B166-45C364ACD42E}.Debug|iPhone.ActiveCfg = Debug|Any CPU
		{D0448F8C-C62A-4103-B166-45C364ACD42E}.Debug|iPhone.Build.0 = Debug|Any CPU
		{D0448F8C-C62A-4103-B166-45C364ACD42E}.Release|iPhone.ActiveCfg = Release|Any CPU
		{D0448F8C-C62A-4103-B166-45C364ACD42E}.Release|iPhone.Build.0 = Release|Any CPU
		{41287BBD-EA6C-41EE-92A1-B7679ADF321C}.Debug|Any CPU.ActiveCfg = Debug|Any CPU
		{41287BBD-EA6C-41EE-92A1-B7679ADF321C}.Debug|Any CPU.Build.0 = Debug|Any CPU
		{41287BBD-EA6C-41EE-92A1-B7679ADF321C}.Release|Any CPU.ActiveCfg = Release|Any CPU
		{41287BBD-EA6C-41EE-92A1-B7679ADF321C}.Release|Any CPU.Build.0 = Release|Any CPU
		{41287BBD-EA6C-41EE-92A1-B7679ADF321C}.Debug|iPhoneSimulator.ActiveCfg = Debug|Any CPU
		{41287BBD-EA6C-41EE-92A1-B7679ADF321C}.Debug|iPhoneSimulator.Build.0 = Debug|Any CPU
		{41287BBD-EA6C-41EE-92A1-B7679ADF321C}.Release|iPhoneSimulator.ActiveCfg = Release|Any CPU
		{41287BBD-EA6C-41EE-92A1-B7679ADF321C}.Release|iPhoneSimulator.Build.0 = Release|Any CPU
		{41287BBD-EA6C-41EE-92A1-B7679ADF321C}.Debug|iPhone.ActiveCfg = Debug|Any CPU
		{41287BBD-EA6C-41EE-92A1-B7679ADF321C}.Debug|iPhone.Build.0 = Debug|Any CPU
		{41287BBD-EA6C-41EE-92A1-B7679ADF321C}.Release|iPhone.ActiveCfg = Release|Any CPU
		{41287BBD-EA6C-41EE-92A1-B7679ADF321C}.Release|iPhone.Build.0 = Release|Any CPU
		{1CE16016-8AEF-426F-B162-D0E083593906}.Debug|Any CPU.ActiveCfg = Debug|iPhoneSimulator
		{1CE16016-8AEF-426F-B162-D0E083593906}.Debug|Any CPU.Build.0 = Debug|iPhoneSimulator
		{1CE16016-8AEF-426F-B162-D0E083593906}.Release|Any CPU.ActiveCfg = Release|iPhoneSimulator
		{1CE16016-8AEF-426F-B162-D0E083593906}.Release|Any CPU.Build.0 = Release|iPhoneSimulator
		{1CE16016-8AEF-426F-B162-D0E083593906}.Debug|iPhoneSimulator.ActiveCfg = Debug|iPhoneSimulator
		{1CE16016-8AEF-426F-B162-D0E083593906}.Debug|iPhoneSimulator.Build.0 = Debug|iPhoneSimulator
		{1CE16016-8AEF-426F-B162-D0E083593906}.Release|iPhoneSimulator.ActiveCfg = Release|iPhoneSimulator
		{1CE16016-8AEF-426F-B162-D0E083593906}.Release|iPhoneSimulator.Build.0 = Release|iPhoneSimulator
		{1CE16016-8AEF-426F-B162-D0E083593906}.Debug|iPhone.ActiveCfg = Debug|iPhone
		{1CE16016-8AEF-426F-B162-D0E083593906}.Debug|iPhone.Build.0 = Debug|iPhone
		{1CE16016-8AEF-426F-B162-D0E083593906}.Release|iPhone.ActiveCfg = Release|iPhone
		{1CE16016-8AEF-426F-B162-D0E083593906}.Release|iPhone.Build.0 = Release|iPhone
	EndGlobalSection
	GlobalSection(NestedProjects) = preSolution
		{A3A6F8D5-5415-47F6-AC97-A43A57D58C07} = {478218E3-FFA9-496B-B670-DB647348BD22}
		{4F152E7D-4101-4CF1-8B6D-49EA83083BEF} = {1CA51B75-0178-4BCC-99A8-6F682486D7AD}
		{116DCDDE-3127-4978-87B6-7A4B153B21B4} = {1CA51B75-0178-4BCC-99A8-6F682486D7AD}
		{FD685247-E1AB-4CB6-AE68-52DBF5025DD8} = {4F152E7D-4101-4CF1-8B6D-49EA83083BEF}
		{EB926D6C-DD92-4EBF-BBDC-99C64114E825} = {4F152E7D-4101-4CF1-8B6D-49EA83083BEF}
		{E8F4F724-09AA-4683-8740-D242215EFBF8} = {4F152E7D-4101-4CF1-8B6D-49EA83083BEF}
		{5904DC1A-3B98-455F-A49A-D4E6FBD24F4C} = {4F152E7D-4101-4CF1-8B6D-49EA83083BEF}
		{5B1C48DF-2460-42CC-92CF-B2FEDCD53462} = {4F152E7D-4101-4CF1-8B6D-49EA83083BEF}
		{BC59CE10-301E-4A14-AC86-E2275BC9C5DE} = {4F152E7D-4101-4CF1-8B6D-49EA83083BEF}
		{41B9F262-1C9E-4968-8502-B8CD39C11B54} = {4F152E7D-4101-4CF1-8B6D-49EA83083BEF}
		{D0448F8C-C62A-4103-B166-45C364ACD42E} = {116DCDDE-3127-4978-87B6-7A4B153B21B4}
		{41287BBD-EA6C-41EE-92A1-B7679ADF321C} = {478218E3-FFA9-496B-B670-DB647348BD22}
		{1CE16016-8AEF-426F-B162-D0E083593906} = {478218E3-FFA9-496B-B670-DB647348BD22}
	EndGlobalSection
EndGlobal
