
Microsoft Visual Studio Solution File, Format Version 12.00
# Visual Studio 15
Project("{FAE04EC0-301F-11D3-BF4B-00C04F79EFBC}") = "BandyerDemoNuget.Android", "BandyerDemoNuget.Android\BandyerDemoNuget.Android.csproj", "{0DBCCD84-DC96-4145-AC04-601CF54682CF}"
EndProject
Project("{FAE04EC0-301F-11D3-BF4B-00C04F79EFBC}") = "BandyerDemoNuget.iOS", "BandyerDemoNuget.iOS\BandyerDemoNuget.iOS.csproj", "{3CE9A034-B142-4BBA-8E9D-7F3DD7731FAF}"
EndProject
Project("{FAE04EC0-301F-11D3-BF4B-00C04F79EFBC}") = "BandyerDemoNuget", "BandyerDemoNuget\BandyerDemoNuget.csproj", "{8E31AED6-9C28-4ED1-AA5C-F16A41C97427}"
EndProject
Global
	GlobalSection(SolutionConfigurationPlatforms) = preSolution
		Debug|Any CPU = Debug|Any CPU
		Release|Any CPU = Release|Any CPU
		Debug|iPhoneSimulator = Debug|iPhoneSimulator
		Release|iPhoneSimulator = Release|iPhoneSimulator
		Debug|iPhone = Debug|iPhone
		Release|iPhone = Release|iPhone
	EndGlobalSection
	GlobalSection(ProjectConfigurationPlatforms) = postSolution
		{0DBCCD84-DC96-4145-AC04-601CF54682CF}.Debug|Any CPU.ActiveCfg = Debug|Any CPU
		{0DBCCD84-DC96-4145-AC04-601CF54682CF}.Debug|Any CPU.Build.0 = Debug|Any CPU
		{0DBCCD84-DC96-4145-AC04-601CF54682CF}.Release|Any CPU.ActiveCfg = Release|Any CPU
		{0DBCCD84-DC96-4145-AC04-601CF54682CF}.Release|Any CPU.Build.0 = Release|Any CPU
		{0DBCCD84-DC96-4145-AC04-601CF54682CF}.Debug|iPhoneSimulator.ActiveCfg = Debug|Any CPU
		{0DBCCD84-DC96-4145-AC04-601CF54682CF}.Debug|iPhoneSimulator.Build.0 = Debug|Any CPU
		{0DBCCD84-DC96-4145-AC04-601CF54682CF}.Release|iPhoneSimulator.ActiveCfg = Release|Any CPU
		{0DBCCD84-DC96-4145-AC04-601CF54682CF}.Release|iPhoneSimulator.Build.0 = Release|Any CPU
		{0DBCCD84-DC96-4145-AC04-601CF54682CF}.Debug|iPhone.ActiveCfg = Debug|Any CPU
		{0DBCCD84-DC96-4145-AC04-601CF54682CF}.Debug|iPhone.Build.0 = Debug|Any CPU
		{0DBCCD84-DC96-4145-AC04-601CF54682CF}.Release|iPhone.ActiveCfg = Release|Any CPU
		{0DBCCD84-DC96-4145-AC04-601CF54682CF}.Release|iPhone.Build.0 = Release|Any CPU
		{3CE9A034-B142-4BBA-8E9D-7F3DD7731FAF}.Debug|Any CPU.ActiveCfg = Debug|iPhoneSimulator
		{3CE9A034-B142-4BBA-8E9D-7F3DD7731FAF}.Debug|Any CPU.Build.0 = Debug|iPhoneSimulator
		{3CE9A034-B142-4BBA-8E9D-7F3DD7731FAF}.Release|Any CPU.ActiveCfg = Release|iPhoneSimulator
		{3CE9A034-B142-4BBA-8E9D-7F3DD7731FAF}.Release|Any CPU.Build.0 = Release|iPhoneSimulator
		{3CE9A034-B142-4BBA-8E9D-7F3DD7731FAF}.Debug|iPhoneSimulator.ActiveCfg = Debug|iPhoneSimulator
		{3CE9A034-B142-4BBA-8E9D-7F3DD7731FAF}.Debug|iPhoneSimulator.Build.0 = Debug|iPhoneSimulator
		{3CE9A034-B142-4BBA-8E9D-7F3DD7731FAF}.Release|iPhoneSimulator.ActiveCfg = Release|iPhoneSimulator
		{3CE9A034-B142-4BBA-8E9D-7F3DD7731FAF}.Release|iPhoneSimulator.Build.0 = Release|iPhoneSimulator
		{3CE9A034-B142-4BBA-8E9D-7F3DD7731FAF}.Debug|iPhone.ActiveCfg = Debug|iPhone
		{3CE9A034-B142-4BBA-8E9D-7F3DD7731FAF}.Debug|iPhone.Build.0 = Debug|iPhone
		{3CE9A034-B142-4BBA-8E9D-7F3DD7731FAF}.Release|iPhone.ActiveCfg = Release|iPhone
		{3CE9A034-B142-4BBA-8E9D-7F3DD7731FAF}.Release|iPhone.Build.0 = Release|iPhone
		{8E31AED6-9C28-4ED1-AA5C-F16A41C97427}.Debug|Any CPU.ActiveCfg = Debug|Any CPU
		{8E31AED6-9C28-4ED1-AA5C-F16A41C97427}.Debug|Any CPU.Build.0 = Debug|Any CPU
		{8E31AED6-9C28-4ED1-AA5C-F16A41C97427}.Release|Any CPU.ActiveCfg = Release|Any CPU
		{8E31AED6-9C28-4ED1-AA5C-F16A41C97427}.Release|Any CPU.Build.0 = Release|Any CPU
		{8E31AED6-9C28-4ED1-AA5C-F16A41C97427}.Debug|iPhoneSimulator.ActiveCfg = Debug|Any CPU
		{8E31AED6-9C28-4ED1-AA5C-F16A41C97427}.Debug|iPhoneSimulator.Build.0 = Debug|Any CPU
		{8E31AED6-9C28-4ED1-AA5C-F16A41C97427}.Release|iPhoneSimulator.ActiveCfg = Release|Any CPU
		{8E31AED6-9C28-4ED1-AA5C-F16A41C97427}.Release|iPhoneSimulator.Build.0 = Release|Any CPU
		{8E31AED6-9C28-4ED1-AA5C-F16A41C97427}.Debug|iPhone.ActiveCfg = Debug|Any CPU
		{8E31AED6-9C28-4ED1-AA5C-F16A41C97427}.Debug|iPhone.Build.0 = Debug|Any CPU
		{8E31AED6-9C28-4ED1-AA5C-F16A41C97427}.Release|iPhone.ActiveCfg = Release|Any CPU
		{8E31AED6-9C28-4ED1-AA5C-F16A41C97427}.Release|iPhone.Build.0 = Release|Any CPU
	EndGlobalSection
EndGlobal
